
Microsoft Visual Studio Solution File, Format Version 12.00
# Visual Studio 15
VisualStudioVersion = 15.0.28307.1082
MinimumVisualStudioVersion = 10.0.40219.1
Project("{FAE04EC0-301F-11D3-BF4B-00C04F79EFBC}") = "SampleCalcService", "SampleCalcService\SampleCalcService.csproj", "{0BD5E8F1-D01C-4FFD-A275-7710ED8F59C5}"
EndProject
Project("{FAE04EC0-301F-11D3-BF4B-00C04F79EFBC}") = "SampleCalcServiceApp", "SampleCalcServiceApp\SampleCalcServiceApp.csproj", "{6F151FA4-7F56-4E20-A1EF-387803AA933A}"
	ProjectSection(ProjectDependencies) = postProject
		{0BD5E8F1-D01C-4FFD-A275-7710ED8F59C5} = {0BD5E8F1-D01C-4FFD-A275-7710ED8F59C5}
	EndProjectSection
EndProject
Global
	GlobalSection(SolutionConfigurationPlatforms) = preSolution
		Debug|Any CPU = Debug|Any CPU
		Release|Any CPU = Release|Any CPU
	EndGlobalSection
	GlobalSection(ProjectConfigurationPlatforms) = postSolution
		{0BD5E8F1-D01C-4FFD-A275-7710ED8F59C5}.Debug|Any CPU.ActiveCfg = Debug|Any CPU
		{0BD5E8F1-D01C-4FFD-A275-7710ED8F59C5}.Debug|Any CPU.Build.0 = Debug|Any CPU
		{0BD5E8F1-D01C-4FFD-A275-7710ED8F59C5}.Release|Any CPU.ActiveCfg = Release|Any CPU
		{0BD5E8F1-D01C-4FFD-A275-7710ED8F59C5}.Release|Any CPU.Build.0 = Release|Any CPU
		{6F151FA4-7F56-4E20-A1EF-387803AA933A}.Debug|Any CPU.ActiveCfg = Debug|Any CPU
		{6F151FA4-7F56-4E20-A1EF-387803AA933A}.Debug|Any CPU.Build.0 = Debug|Any CPU
		{6F151FA4-7F56-4E20-A1EF-387803AA933A}.Release|Any CPU.ActiveCfg = Release|Any CPU
		{6F151FA4-7F56-4E20-A1EF-387803AA933A}.Release|Any CPU.Build.0 = Release|Any CPU
	EndGlobalSection
	GlobalSection(SolutionProperties) = preSolution
		HideSolutionNode = FALSE
	EndGlobalSection
	GlobalSection(ExtensibilityGlobals) = postSolution
		SolutionGuid = {CEAA7795-6EA1-4773-B25E-5EAB9E582482}
	EndGlobalSection
EndGlobal
