
Microsoft Visual Studio Solution File, Format Version 12.00
# Visual Studio Version 16
VisualStudioVersion = 16.0.30907.101
MinimumVisualStudioVersion = 10.0.40219.1
Project("{FAE04EC0-301F-11D3-BF4B-00C04F79EFBC}") = "CSharp_Lab", "CSharp_Lab\CSharp_Lab.csproj", "{32AAF688-66AD-4C24-9341-C68BA6ED709D}"
EndProject
Global
	GlobalSection(SolutionConfigurationPlatforms) = preSolution
		Debug|Any CPU = Debug|Any CPU
		Release|Any CPU = Release|Any CPU
	EndGlobalSection
	GlobalSection(ProjectConfigurationPlatforms) = postSolution
		{32AAF688-66AD-4C24-9341-C68BA6ED709D}.Debug|Any CPU.ActiveCfg = Debug|Any CPU
		{32AAF688-66AD-4C24-9341-C68BA6ED709D}.Debug|Any CPU.Build.0 = Debug|Any CPU
		{32AAF688-66AD-4C24-9341-C68BA6ED709D}.Release|Any CPU.ActiveCfg = Release|Any CPU
		{32AAF688-66AD-4C24-9341-C68BA6ED709D}.Release|Any CPU.Build.0 = Release|Any CPU
	EndGlobalSection
	GlobalSection(SolutionProperties) = preSolution
		HideSolutionNode = FALSE
	EndGlobalSection
	GlobalSection(ExtensibilityGlobals) = postSolution
		SolutionGuid = {1D1D40B7-88D3-455E-827B-CA3BA991A7F1}
	EndGlobalSection
EndGlobal
